
Microsoft Visual Studio Solution File, Format Version 12.00
# Visual Studio Version 17
VisualStudioVersion = 17.2.32526.322
MinimumVisualStudioVersion = 10.0.40219.1
Project("{54A90642-561A-4BB1-A94E-469ADEE60C69}") = "Frontend", "Frontend.esproj", "{D237788A-8B5B-4009-97A0-9F06FB527C97}"
EndProject
Global
	GlobalSection(SolutionConfigurationPlatforms) = preSolution
		Debug|Any CPU = Debug|Any CPU
		Release|Any CPU = Release|Any CPU
	EndGlobalSection
	GlobalSection(ProjectConfigurationPlatforms) = postSolution
		{D237788A-8B5B-4009-97A0-9F06FB527C97}.Debug|Any CPU.ActiveCfg = Debug|Any CPU
		{D237788A-8B5B-4009-97A0-9F06FB527C97}.Debug|Any CPU.Build.0 = Debug|Any CPU
		{D237788A-8B5B-4009-97A0-9F06FB527C97}.Debug|Any CPU.Deploy.0 = Debug|Any CPU
		{D237788A-8B5B-4009-97A0-9F06FB527C97}.Release|Any CPU.ActiveCfg = Release|Any CPU
		{D237788A-8B5B-4009-97A0-9F06FB527C97}.Release|Any CPU.Build.0 = Release|Any CPU
		{D237788A-8B5B-4009-97A0-9F06FB527C97}.Release|Any CPU.Deploy.0 = Release|Any CPU
	EndGlobalSection
	GlobalSection(SolutionProperties) = preSolution
		HideSolutionNode = FALSE
	EndGlobalSection
	GlobalSection(ExtensibilityGlobals) = postSolution
		SolutionGuid = {E70A4932-33B8-4EDA-A689-A0B8D666F79F}
	EndGlobalSection
EndGlobal
